
Microsoft Visual Studio Solution File, Format Version 12.00
# Visual Studio Version 16
VisualStudioVersion = 16.0.29609.76
MinimumVisualStudioVersion = 10.0.40219.1
Project("{FAE04EC0-301F-11D3-BF4B-00C04F79EFBC}") = "KarbantartokForm", "KarbantartokForm\KarbantartokForm.csproj", "{0D563122-9038-456F-AF89-15D724ECF2EB}"
EndProject
Global
	GlobalSection(SolutionConfigurationPlatforms) = preSolution
		Debug|Any CPU = Debug|Any CPU
		Release|Any CPU = Release|Any CPU
	EndGlobalSection
	GlobalSection(ProjectConfigurationPlatforms) = postSolution
		{0D563122-9038-456F-AF89-15D724ECF2EB}.Debug|Any CPU.ActiveCfg = Debug|Any CPU
		{0D563122-9038-456F-AF89-15D724ECF2EB}.Debug|Any CPU.Build.0 = Debug|Any CPU
		{0D563122-9038-456F-AF89-15D724ECF2EB}.Release|Any CPU.ActiveCfg = Release|Any CPU
		{0D563122-9038-456F-AF89-15D724ECF2EB}.Release|Any CPU.Build.0 = Release|Any CPU
	EndGlobalSection
	GlobalSection(SolutionProperties) = preSolution
		HideSolutionNode = FALSE
	EndGlobalSection
	GlobalSection(ExtensibilityGlobals) = postSolution
		SolutionGuid = {6D0FCB23-7CEB-4561-927F-A4E08CC0274F}
	EndGlobalSection
EndGlobal
