
Microsoft Visual Studio Solution File, Format Version 12.00
# Visual Studio Version 16
VisualStudioVersion = 16.0.31605.320
MinimumVisualStudioVersion = 10.0.40219.1
Project("{FAE04EC0-301F-11D3-BF4B-00C04F79EFBC}") = "KarbantartoWindowsForm", "KarbantartoWindowsForm\KarbantartoWindowsForm.csproj", "{C014B0E2-1B11-4FD4-8C6B-82A8246B6586}"
EndProject
Global
	GlobalSection(SolutionConfigurationPlatforms) = preSolution
		Debug|Any CPU = Debug|Any CPU
		Release|Any CPU = Release|Any CPU
	EndGlobalSection
	GlobalSection(ProjectConfigurationPlatforms) = postSolution
		{C014B0E2-1B11-4FD4-8C6B-82A8246B6586}.Debug|Any CPU.ActiveCfg = Debug|Any CPU
		{C014B0E2-1B11-4FD4-8C6B-82A8246B6586}.Debug|Any CPU.Build.0 = Debug|Any CPU
		{C014B0E2-1B11-4FD4-8C6B-82A8246B6586}.Release|Any CPU.ActiveCfg = Release|Any CPU
		{C014B0E2-1B11-4FD4-8C6B-82A8246B6586}.Release|Any CPU.Build.0 = Release|Any CPU
	EndGlobalSection
	GlobalSection(SolutionProperties) = preSolution
		HideSolutionNode = FALSE
	EndGlobalSection
	GlobalSection(ExtensibilityGlobals) = postSolution
		SolutionGuid = {FC34202A-1C89-4EC8-9F68-BF77174BFDDC}
	EndGlobalSection
EndGlobal
